
Microsoft Visual Studio Solution File, Format Version 12.00
# Visual Studio Version 16
VisualStudioVersion = 16.0.29806.167
MinimumVisualStudioVersion = 10.0.40219.1
Project("{2150E333-8FDC-42A3-9474-1A3956D46DE8}") = "00-Commun", "00-Commun", "{5AC3EF0A-AE7B-477D-9120-3FFC6BA49AA6}"
EndProject
Project("{2150E333-8FDC-42A3-9474-1A3956D46DE8}") = "01-Data", "01-Data", "{631811B9-FFF8-48B1-A35E-981243730AF2}"
EndProject
Project("{2150E333-8FDC-42A3-9474-1A3956D46DE8}") = "02-DataAccess", "02-DataAccess", "{B0D1B17F-52C4-47F3-AE4E-054F00428571}"
EndProject
Project("{2150E333-8FDC-42A3-9474-1A3956D46DE8}") = "03-BusinessLogic", "03-BusinessLogic", "{DBBF6ACB-6AE3-437D-B818-227F6D8D63E9}"
EndProject
Project("{2150E333-8FDC-42A3-9474-1A3956D46DE8}") = "04-UserInterface", "04-UserInterface", "{358C11E4-A373-49BC-808E-53AD35F8E236}"
EndProject
Project("{FAE04EC0-301F-11D3-BF4B-00C04F79EFBC}") = "BT.Stage.SGIMI.UserInterface.WebApp", "BT.Stage.SGIMI.UserInterface.WebApp\BT.Stage.SGIMI.UserInterface.WebApp.csproj", "{B98E3A41-47A0-46B8-9F85-1F094A3B53EC}"
EndProject
Project("{FAE04EC0-301F-11D3-BF4B-00C04F79EFBC}") = "BT.Stage.SGIMI.DataAccess.Implementation", "BT.Stage.SGIMI.DataAccess.Implementation\BT.Stage.SGIMI.DataAccess.Implementation.csproj", "{CEF0D6F2-B066-4DB4-B7AD-933D35E07BA1}"
EndProject
Project("{FAE04EC0-301F-11D3-BF4B-00C04F79EFBC}") = "BT.Stage.SGIMI.DataAccess.Interface", "BT.Stage.SGIMI.DataAccess.Interface\BT.Stage.SGIMI.DataAccess.Interface.csproj", "{9EF0E5D3-F826-4EF3-8A39-B6024A6D7089}"
EndProject
Project("{FAE04EC0-301F-11D3-BF4B-00C04F79EFBC}") = "BT.Stage.SGIMI.BusinessLogic.Implementation", "BT.Stage.SGIMI.BusinessLogic.Implementation\BT.Stage.SGIMI.BusinessLogic.Implementation.csproj", "{E62DD37D-DBAB-46BD-8102-585985CA2B56}"
EndProject
Project("{FAE04EC0-301F-11D3-BF4B-00C04F79EFBC}") = "BT.Stage.SGIMI.BusinessLogic.Interface", "BT.Stage.SGIMI.BusinessLogic.Interface\BT.Stage.SGIMI.BusinessLogic.Interface.csproj", "{33EDBC04-EABF-4A50-A024-08DCE2D3F0D7}"
EndProject
Project("{00D1A9C2-B5F0-4AF3-8072-F6C62B433612}") = "BT.Stage.SGIMI.Data.DataBase", "BT.Stage.SGIMI.Data.DataBase\BT.Stage.SGIMI.Data.DataBase.sqlproj", "{0B5AACAD-0007-4B71-8EA4-BF592125CDC2}"
EndProject
Global
	GlobalSection(SolutionConfigurationPlatforms) = preSolution
		Debug|Any CPU = Debug|Any CPU
		Release|Any CPU = Release|Any CPU
	EndGlobalSection
	GlobalSection(ProjectConfigurationPlatforms) = postSolution
		{B98E3A41-47A0-46B8-9F85-1F094A3B53EC}.Debug|Any CPU.ActiveCfg = Debug|Any CPU
		{B98E3A41-47A0-46B8-9F85-1F094A3B53EC}.Debug|Any CPU.Build.0 = Debug|Any CPU
		{B98E3A41-47A0-46B8-9F85-1F094A3B53EC}.Release|Any CPU.ActiveCfg = Release|Any CPU
		{B98E3A41-47A0-46B8-9F85-1F094A3B53EC}.Release|Any CPU.Build.0 = Release|Any CPU
		{CEF0D6F2-B066-4DB4-B7AD-933D35E07BA1}.Debug|Any CPU.ActiveCfg = Debug|Any CPU
		{CEF0D6F2-B066-4DB4-B7AD-933D35E07BA1}.Debug|Any CPU.Build.0 = Debug|Any CPU
		{CEF0D6F2-B066-4DB4-B7AD-933D35E07BA1}.Release|Any CPU.ActiveCfg = Release|Any CPU
		{CEF0D6F2-B066-4DB4-B7AD-933D35E07BA1}.Release|Any CPU.Build.0 = Release|Any CPU
		{9EF0E5D3-F826-4EF3-8A39-B6024A6D7089}.Debug|Any CPU.ActiveCfg = Debug|Any CPU
		{9EF0E5D3-F826-4EF3-8A39-B6024A6D7089}.Debug|Any CPU.Build.0 = Debug|Any CPU
		{9EF0E5D3-F826-4EF3-8A39-B6024A6D7089}.Release|Any CPU.ActiveCfg = Release|Any CPU
		{9EF0E5D3-F826-4EF3-8A39-B6024A6D7089}.Release|Any CPU.Build.0 = Release|Any CPU
		{E62DD37D-DBAB-46BD-8102-585985CA2B56}.Debug|Any CPU.ActiveCfg = Debug|Any CPU
		{E62DD37D-DBAB-46BD-8102-585985CA2B56}.Debug|Any CPU.Build.0 = Debug|Any CPU
		{E62DD37D-DBAB-46BD-8102-585985CA2B56}.Release|Any CPU.ActiveCfg = Release|Any CPU
		{E62DD37D-DBAB-46BD-8102-585985CA2B56}.Release|Any CPU.Build.0 = Release|Any CPU
		{33EDBC04-EABF-4A50-A024-08DCE2D3F0D7}.Debug|Any CPU.ActiveCfg = Debug|Any CPU
		{33EDBC04-EABF-4A50-A024-08DCE2D3F0D7}.Debug|Any CPU.Build.0 = Debug|Any CPU
		{33EDBC04-EABF-4A50-A024-08DCE2D3F0D7}.Release|Any CPU.ActiveCfg = Release|Any CPU
		{33EDBC04-EABF-4A50-A024-08DCE2D3F0D7}.Release|Any CPU.Build.0 = Release|Any CPU
		{0B5AACAD-0007-4B71-8EA4-BF592125CDC2}.Debug|Any CPU.ActiveCfg = Debug|Any CPU
		{0B5AACAD-0007-4B71-8EA4-BF592125CDC2}.Debug|Any CPU.Build.0 = Debug|Any CPU
		{0B5AACAD-0007-4B71-8EA4-BF592125CDC2}.Debug|Any CPU.Deploy.0 = Debug|Any CPU
		{0B5AACAD-0007-4B71-8EA4-BF592125CDC2}.Release|Any CPU.ActiveCfg = Release|Any CPU
		{0B5AACAD-0007-4B71-8EA4-BF592125CDC2}.Release|Any CPU.Build.0 = Release|Any CPU
		{0B5AACAD-0007-4B71-8EA4-BF592125CDC2}.Release|Any CPU.Deploy.0 = Release|Any CPU
	EndGlobalSection
	GlobalSection(SolutionProperties) = preSolution
		HideSolutionNode = FALSE
	EndGlobalSection
	GlobalSection(NestedProjects) = preSolution
		{B98E3A41-47A0-46B8-9F85-1F094A3B53EC} = {358C11E4-A373-49BC-808E-53AD35F8E236}
		{CEF0D6F2-B066-4DB4-B7AD-933D35E07BA1} = {B0D1B17F-52C4-47F3-AE4E-054F00428571}
		{9EF0E5D3-F826-4EF3-8A39-B6024A6D7089} = {B0D1B17F-52C4-47F3-AE4E-054F00428571}
		{E62DD37D-DBAB-46BD-8102-585985CA2B56} = {DBBF6ACB-6AE3-437D-B818-227F6D8D63E9}
		{33EDBC04-EABF-4A50-A024-08DCE2D3F0D7} = {DBBF6ACB-6AE3-437D-B818-227F6D8D63E9}
		{0B5AACAD-0007-4B71-8EA4-BF592125CDC2} = {631811B9-FFF8-48B1-A35E-981243730AF2}
	EndGlobalSection
	GlobalSection(ExtensibilityGlobals) = postSolution
		SolutionGuid = {0F149131-3BC2-42FD-BE6B-661FCB8C62F9}
	EndGlobalSection
EndGlobal
